
Microsoft Visual Studio Solution File, Format Version 12.00
# Visual Studio Version 17
VisualStudioVersion = 17.9.34701.34
MinimumVisualStudioVersion = 10.0.40219.1
Project("{FAE04EC0-301F-11D3-BF4B-00C04F79EFBC}") = "Task_Manager_Hacakthon", "Task_Manager_Hacakthon.csproj", "{4DFDE376-878D-488D-9B30-372DCE741FC1}"
EndProject
Global
	GlobalSection(SolutionConfigurationPlatforms) = preSolution
		Debug|Any CPU = Debug|Any CPU
		Release|Any CPU = Release|Any CPU
	EndGlobalSection
	GlobalSection(ProjectConfigurationPlatforms) = postSolution
		{4DFDE376-878D-488D-9B30-372DCE741FC1}.Debug|Any CPU.ActiveCfg = Debug|Any CPU
		{4DFDE376-878D-488D-9B30-372DCE741FC1}.Debug|Any CPU.Build.0 = Debug|Any CPU
		{4DFDE376-878D-488D-9B30-372DCE741FC1}.Release|Any CPU.ActiveCfg = Release|Any CPU
		{4DFDE376-878D-488D-9B30-372DCE741FC1}.Release|Any CPU.Build.0 = Release|Any CPU
	EndGlobalSection
	GlobalSection(SolutionProperties) = preSolution
		HideSolutionNode = FALSE
	EndGlobalSection
	GlobalSection(ExtensibilityGlobals) = postSolution
		SolutionGuid = {B86C812C-6D26-466E-BECE-5D6724059E56}
	EndGlobalSection
EndGlobal
